
Microsoft Visual Studio Solution File, Format Version 12.00
# Visual Studio 2013
VisualStudioVersion = 12.0.40629.0
MinimumVisualStudioVersion = 10.0.40219.1
Project("{FAE04EC0-301F-11D3-BF4B-00C04F79EFBC}") = "RobotsExplorer", "RobotsExplorer\RobotsExplorer.csproj", "{8D31A2BF-FAFD-4415-ADB4-2980C33E7418}"
EndProject
Project("{FAE04EC0-301F-11D3-BF4B-00C04F79EFBC}") = "RobotsExplorer.ConfigManager", "RobotsExplorer.ConfigManager\RobotsExplorer.ConfigManager.csproj", "{72ED040C-083D-4D1E-9763-FFD3CDB2D61F}"
EndProject
Project("{FAE04EC0-301F-11D3-BF4B-00C04F79EFBC}") = "RobotsExplorer.HttpManager", "RobotsExplorer.HttpManager\RobotsExplorer.HttpManager.csproj", "{3FB6A15B-C118-43BE-995D-23A22AC34C92}"
EndProject
Project("{FAE04EC0-301F-11D3-BF4B-00C04F79EFBC}") = "RobotsExplorer.Test", "RobotsExplorer.Test\RobotsExplorer.Test.csproj", "{C8A8F537-9575-4CBA-9586-8BF23C469817}"
EndProject
Project("{FAE04EC0-301F-11D3-BF4B-00C04F79EFBC}") = "RobotsExplorer.Util", "RobotsExplorer.Util\RobotsExplorer.Util.csproj", "{9926F52A-8F80-4998-AE54-FC318CE28045}"
EndProject
Project("{FAE04EC0-301F-11D3-BF4B-00C04F79EFBC}") = "RobotsExplorer.Model", "RobotsExplorer.Model\RobotsExplorer.Model.csproj", "{1F18D9DC-00FD-4715-9B37-E41A6B0BC39C}"
EndProject
Global
	GlobalSection(SolutionConfigurationPlatforms) = preSolution
		Debug|Any CPU = Debug|Any CPU
		Release|Any CPU = Release|Any CPU
	EndGlobalSection
	GlobalSection(ProjectConfigurationPlatforms) = postSolution
		{8D31A2BF-FAFD-4415-ADB4-2980C33E7418}.Debug|Any CPU.ActiveCfg = Debug|Any CPU
		{8D31A2BF-FAFD-4415-ADB4-2980C33E7418}.Debug|Any CPU.Build.0 = Debug|Any CPU
		{8D31A2BF-FAFD-4415-ADB4-2980C33E7418}.Release|Any CPU.ActiveCfg = Release|Any CPU
		{8D31A2BF-FAFD-4415-ADB4-2980C33E7418}.Release|Any CPU.Build.0 = Release|Any CPU
		{72ED040C-083D-4D1E-9763-FFD3CDB2D61F}.Debug|Any CPU.ActiveCfg = Debug|Any CPU
		{72ED040C-083D-4D1E-9763-FFD3CDB2D61F}.Debug|Any CPU.Build.0 = Debug|Any CPU
		{72ED040C-083D-4D1E-9763-FFD3CDB2D61F}.Release|Any CPU.ActiveCfg = Release|Any CPU
		{72ED040C-083D-4D1E-9763-FFD3CDB2D61F}.Release|Any CPU.Build.0 = Release|Any CPU
		{3FB6A15B-C118-43BE-995D-23A22AC34C92}.Debug|Any CPU.ActiveCfg = Debug|Any CPU
		{3FB6A15B-C118-43BE-995D-23A22AC34C92}.Debug|Any CPU.Build.0 = Debug|Any CPU
		{3FB6A15B-C118-43BE-995D-23A22AC34C92}.Release|Any CPU.ActiveCfg = Release|Any CPU
		{3FB6A15B-C118-43BE-995D-23A22AC34C92}.Release|Any CPU.Build.0 = Release|Any CPU
		{C8A8F537-9575-4CBA-9586-8BF23C469817}.Debug|Any CPU.ActiveCfg = Debug|Any CPU
		{C8A8F537-9575-4CBA-9586-8BF23C469817}.Debug|Any CPU.Build.0 = Debug|Any CPU
		{C8A8F537-9575-4CBA-9586-8BF23C469817}.Release|Any CPU.ActiveCfg = Release|Any CPU
		{C8A8F537-9575-4CBA-9586-8BF23C469817}.Release|Any CPU.Build.0 = Release|Any CPU
		{9926F52A-8F80-4998-AE54-FC318CE28045}.Debug|Any CPU.ActiveCfg = Debug|Any CPU
		{9926F52A-8F80-4998-AE54-FC318CE28045}.Debug|Any CPU.Build.0 = Debug|Any CPU
		{9926F52A-8F80-4998-AE54-FC318CE28045}.Release|Any CPU.ActiveCfg = Release|Any CPU
		{9926F52A-8F80-4998-AE54-FC318CE28045}.Release|Any CPU.Build.0 = Release|Any CPU
		{1F18D9DC-00FD-4715-9B37-E41A6B0BC39C}.Debug|Any CPU.ActiveCfg = Debug|Any CPU
		{1F18D9DC-00FD-4715-9B37-E41A6B0BC39C}.Debug|Any CPU.Build.0 = Debug|Any CPU
		{1F18D9DC-00FD-4715-9B37-E41A6B0BC39C}.Release|Any CPU.ActiveCfg = Release|Any CPU
		{1F18D9DC-00FD-4715-9B37-E41A6B0BC39C}.Release|Any CPU.Build.0 = Release|Any CPU
	EndGlobalSection
	GlobalSection(SolutionProperties) = preSolution
		HideSolutionNode = FALSE
	EndGlobalSection
EndGlobal
